
Microsoft Visual Studio Solution File, Format Version 12.00
# Visual Studio Version 16
VisualStudioVersion = 16.0.30114.105
MinimumVisualStudioVersion = 10.0.40219.1
Project("{FAE04EC0-301F-11D3-BF4B-00C04F79EFBC}") = "SQLAPI", "SQLAPI\SQLAPI.csproj", "{893F36E1-1A74-451C-B6F3-8A6A47064436}"
EndProject
Global
	GlobalSection(SolutionConfigurationPlatforms) = preSolution
		Debug|Any CPU = Debug|Any CPU
		Release|Any CPU = Release|Any CPU
	EndGlobalSection
	GlobalSection(ProjectConfigurationPlatforms) = postSolution
		{893F36E1-1A74-451C-B6F3-8A6A47064436}.Debug|Any CPU.ActiveCfg = Debug|Any CPU
		{893F36E1-1A74-451C-B6F3-8A6A47064436}.Debug|Any CPU.Build.0 = Debug|Any CPU
		{893F36E1-1A74-451C-B6F3-8A6A47064436}.Release|Any CPU.ActiveCfg = Release|Any CPU
		{893F36E1-1A74-451C-B6F3-8A6A47064436}.Release|Any CPU.Build.0 = Release|Any CPU
	EndGlobalSection
	GlobalSection(SolutionProperties) = preSolution
		HideSolutionNode = FALSE
	EndGlobalSection
	GlobalSection(ExtensibilityGlobals) = postSolution
		SolutionGuid = {DA144272-6CFB-4C29-A9CE-33F89B2D2CCE}
	EndGlobalSection
EndGlobal
